
Microsoft Visual Studio Solution File, Format Version 12.00
# Visual Studio Version 17
VisualStudioVersion = 17.8.34330.188
MinimumVisualStudioVersion = 10.0.40219.1
Project("{FAE04EC0-301F-11D3-BF4B-00C04F79EFBC}") = "EventTicketsApi", "EventTicketsApi\EventTicketsApi.csproj", "{E662D96E-BD22-422C-9977-CC0428A11123}"
EndProject
Project("{FAE04EC0-301F-11D3-BF4B-00C04F79EFBC}") = "EventsTicket.Domain", "EventsTicket.Domain\EventsTicket.Domain.csproj", "{83EFCBD9-1301-495A-B418-80038AE7ABF4}"
EndProject
Project("{FAE04EC0-301F-11D3-BF4B-00C04F79EFBC}") = "EventsTicket.Infrastructure", "EventsTicket.Infrastructure\EventsTicket.Infrastructure.csproj", "{55C147FF-E4B0-43DD-9DA1-6F178622C16B}"
EndProject
Project("{2150E333-8FDC-42A3-9474-1A3956D46DE8}") = "shared", "shared", "{2BBB5BC2-1BE8-43E3-8E37-D777EFC9659F}"
EndProject
Project("{FAE04EC0-301F-11D3-BF4B-00C04F79EFBC}") = "Infrastructure.shared", "shared\Infrastructure.shared\Infrastructure.shared.csproj", "{98687F4C-247F-43D4-B3B1-61672E07C16D}"
EndProject
Global
	GlobalSection(SolutionConfigurationPlatforms) = preSolution
		Debug|Any CPU = Debug|Any CPU
		Release|Any CPU = Release|Any CPU
	EndGlobalSection
	GlobalSection(ProjectConfigurationPlatforms) = postSolution
		{E662D96E-BD22-422C-9977-CC0428A11123}.Debug|Any CPU.ActiveCfg = Debug|Any CPU
		{E662D96E-BD22-422C-9977-CC0428A11123}.Debug|Any CPU.Build.0 = Debug|Any CPU
		{E662D96E-BD22-422C-9977-CC0428A11123}.Release|Any CPU.ActiveCfg = Release|Any CPU
		{E662D96E-BD22-422C-9977-CC0428A11123}.Release|Any CPU.Build.0 = Release|Any CPU
		{83EFCBD9-1301-495A-B418-80038AE7ABF4}.Debug|Any CPU.ActiveCfg = Debug|Any CPU
		{83EFCBD9-1301-495A-B418-80038AE7ABF4}.Debug|Any CPU.Build.0 = Debug|Any CPU
		{83EFCBD9-1301-495A-B418-80038AE7ABF4}.Release|Any CPU.ActiveCfg = Release|Any CPU
		{83EFCBD9-1301-495A-B418-80038AE7ABF4}.Release|Any CPU.Build.0 = Release|Any CPU
		{55C147FF-E4B0-43DD-9DA1-6F178622C16B}.Debug|Any CPU.ActiveCfg = Debug|Any CPU
		{55C147FF-E4B0-43DD-9DA1-6F178622C16B}.Debug|Any CPU.Build.0 = Debug|Any CPU
		{55C147FF-E4B0-43DD-9DA1-6F178622C16B}.Release|Any CPU.ActiveCfg = Release|Any CPU
		{55C147FF-E4B0-43DD-9DA1-6F178622C16B}.Release|Any CPU.Build.0 = Release|Any CPU
		{98687F4C-247F-43D4-B3B1-61672E07C16D}.Debug|Any CPU.ActiveCfg = Debug|Any CPU
		{98687F4C-247F-43D4-B3B1-61672E07C16D}.Debug|Any CPU.Build.0 = Debug|Any CPU
		{98687F4C-247F-43D4-B3B1-61672E07C16D}.Release|Any CPU.ActiveCfg = Release|Any CPU
		{98687F4C-247F-43D4-B3B1-61672E07C16D}.Release|Any CPU.Build.0 = Release|Any CPU
	EndGlobalSection
	GlobalSection(SolutionProperties) = preSolution
		HideSolutionNode = FALSE
	EndGlobalSection
	GlobalSection(NestedProjects) = preSolution
		{98687F4C-247F-43D4-B3B1-61672E07C16D} = {2BBB5BC2-1BE8-43E3-8E37-D777EFC9659F}
	EndGlobalSection
	GlobalSection(ExtensibilityGlobals) = postSolution
		SolutionGuid = {4B2F6533-43EC-4948-BC06-F2245369D567}
	EndGlobalSection
EndGlobal
